
Microsoft Visual Studio Solution File, Format Version 11.00
# Visual Studio 2010
Project("{8BC9CEB8-8B4A-11D0-8D11-00A0C91BC942}") = "Ex6-22", "Ex6-22\Ex6-22.vcxproj", "{87C13A90-7E30-47B6-915A-7E5232794FB3}"
EndProject
Global
	GlobalSection(SolutionConfigurationPlatforms) = preSolution
		Debug|Win32 = Debug|Win32
		Release|Win32 = Release|Win32
	EndGlobalSection
	GlobalSection(ProjectConfigurationPlatforms) = postSolution
		{87C13A90-7E30-47B6-915A-7E5232794FB3}.Debug|Win32.ActiveCfg = Debug|Win32
		{87C13A90-7E30-47B6-915A-7E5232794FB3}.Debug|Win32.Build.0 = Debug|Win32
		{87C13A90-7E30-47B6-915A-7E5232794FB3}.Release|Win32.ActiveCfg = Release|Win32
		{87C13A90-7E30-47B6-915A-7E5232794FB3}.Release|Win32.Build.0 = Release|Win32
	EndGlobalSection
	GlobalSection(SolutionProperties) = preSolution
		HideSolutionNode = FALSE
	EndGlobalSection
EndGlobal
